
Microsoft Visual Studio Solution File, Format Version 12.00
# Visual Studio 2013
VisualStudioVersion = 12.0.31101.0
MinimumVisualStudioVersion = 10.0.40219.1
Project("{FAE04EC0-301F-11D3-BF4B-00C04F79EFBC}") = "PasswordCrypter", "PasswordCrypter\PasswordCrypter.csproj", "{A73DA6DB-4CFC-43AD-944F-FA6540F2A501}"
EndProject
Project("{FAE04EC0-301F-11D3-BF4B-00C04F79EFBC}") = "PWConvertorDLL", "PWConvertorDLL\PWConvertorDLL.csproj", "{987332F0-82C9-4112-8192-F7608E6CBECD}"
EndProject
Global
	GlobalSection(SolutionConfigurationPlatforms) = preSolution
		Debug|Any CPU = Debug|Any CPU
		Release|Any CPU = Release|Any CPU
	EndGlobalSection
	GlobalSection(ProjectConfigurationPlatforms) = postSolution
		{A73DA6DB-4CFC-43AD-944F-FA6540F2A501}.Debug|Any CPU.ActiveCfg = Debug|Any CPU
		{A73DA6DB-4CFC-43AD-944F-FA6540F2A501}.Debug|Any CPU.Build.0 = Debug|Any CPU
		{A73DA6DB-4CFC-43AD-944F-FA6540F2A501}.Release|Any CPU.ActiveCfg = Release|Any CPU
		{A73DA6DB-4CFC-43AD-944F-FA6540F2A501}.Release|Any CPU.Build.0 = Release|Any CPU
		{987332F0-82C9-4112-8192-F7608E6CBECD}.Debug|Any CPU.ActiveCfg = Debug|Any CPU
		{987332F0-82C9-4112-8192-F7608E6CBECD}.Debug|Any CPU.Build.0 = Debug|Any CPU
		{987332F0-82C9-4112-8192-F7608E6CBECD}.Release|Any CPU.ActiveCfg = Release|Any CPU
		{987332F0-82C9-4112-8192-F7608E6CBECD}.Release|Any CPU.Build.0 = Release|Any CPU
	EndGlobalSection
	GlobalSection(SolutionProperties) = preSolution
		HideSolutionNode = FALSE
	EndGlobalSection
EndGlobal
